
Microsoft Visual Studio Solution File, Format Version 12.00
# Visual Studio Version 17
VisualStudioVersion = 17.0.31903.59
MinimumVisualStudioVersion = 10.0.40219.1
Project("{2150E333-8FDC-42A3-9474-1A3956D46DE8}") = "src", "src", "{6B9F61C8-D3C0-4E1D-9296-61062A275613}"
EndProject
Project("{FAE04EC0-301F-11D3-BF4B-00C04F79EFBC}") = "Chirp.CLI", "src\chirp.CLI.Client\Chirp.CLI.csproj", "{82A900E3-48B3-441C-9B08-4C99481A4200}"
EndProject
Project("{FAE04EC0-301F-11D3-BF4B-00C04F79EFBC}") = "Server", "src\Server\Server.csproj", "{93B308BF-0C70-4ECD-A147-C8A70A57C5EC}"
EndProject
Project("{2150E333-8FDC-42A3-9474-1A3956D46DE8}") = "test", "test", "{4E87EA9B-C6B1-4DEF-A525-643B95B0B58E}"
EndProject
Project("{FAE04EC0-301F-11D3-BF4B-00C04F79EFBC}") = "Chirp.CLI.Client.Tests", "test\Chirp.CLI.Client.Tests\Chirp.CLI.Client.Tests.csproj", "{9ABCC3DD-F0CE-4B6D-87BE-4497D37D6BED}"
EndProject
Project("{FAE04EC0-301F-11D3-BF4B-00C04F79EFBC}") = "Server.Tests", "test\Server.Tests\Server.Tests.csproj", "{6ECAD27D-821E-4524-8B27-08FA0173508D}"
EndProject
Global
	GlobalSection(SolutionConfigurationPlatforms) = preSolution
		Debug|Any CPU = Debug|Any CPU
		Debug|x64 = Debug|x64
		Debug|x86 = Debug|x86
		Release|Any CPU = Release|Any CPU
		Release|x64 = Release|x64
		Release|x86 = Release|x86
	EndGlobalSection
	GlobalSection(SolutionProperties) = preSolution
		HideSolutionNode = FALSE
	EndGlobalSection
	GlobalSection(ProjectConfigurationPlatforms) = postSolution
		{82A900E3-48B3-441C-9B08-4C99481A4200}.Debug|Any CPU.ActiveCfg = Debug|Any CPU
		{82A900E3-48B3-441C-9B08-4C99481A4200}.Debug|Any CPU.Build.0 = Debug|Any CPU
		{82A900E3-48B3-441C-9B08-4C99481A4200}.Release|Any CPU.ActiveCfg = Release|Any CPU
		{82A900E3-48B3-441C-9B08-4C99481A4200}.Release|Any CPU.Build.0 = Release|Any CPU
		{93B308BF-0C70-4ECD-A147-C8A70A57C5EC}.Debug|Any CPU.ActiveCfg = Debug|Any CPU
		{93B308BF-0C70-4ECD-A147-C8A70A57C5EC}.Debug|Any CPU.Build.0 = Debug|Any CPU
		{93B308BF-0C70-4ECD-A147-C8A70A57C5EC}.Release|Any CPU.ActiveCfg = Release|Any CPU
		{93B308BF-0C70-4ECD-A147-C8A70A57C5EC}.Release|Any CPU.Build.0 = Release|Any CPU
		{9ABCC3DD-F0CE-4B6D-87BE-4497D37D6BED}.Debug|Any CPU.ActiveCfg = Debug|Any CPU
		{9ABCC3DD-F0CE-4B6D-87BE-4497D37D6BED}.Debug|Any CPU.Build.0 = Debug|Any CPU
		{9ABCC3DD-F0CE-4B6D-87BE-4497D37D6BED}.Release|Any CPU.ActiveCfg = Release|Any CPU
		{9ABCC3DD-F0CE-4B6D-87BE-4497D37D6BED}.Release|Any CPU.Build.0 = Release|Any CPU
		{6ECAD27D-821E-4524-8B27-08FA0173508D}.Debug|Any CPU.ActiveCfg = Debug|Any CPU
		{6ECAD27D-821E-4524-8B27-08FA0173508D}.Debug|Any CPU.Build.0 = Debug|Any CPU
		{6ECAD27D-821E-4524-8B27-08FA0173508D}.Release|Any CPU.ActiveCfg = Release|Any CPU
		{6ECAD27D-821E-4524-8B27-08FA0173508D}.Release|Any CPU.Build.0 = Release|Any CPU
	EndGlobalSection
	GlobalSection(NestedProjects) = preSolution
		{82A900E3-48B3-441C-9B08-4C99481A4200} = {6B9F61C8-D3C0-4E1D-9296-61062A275613}
		{93B308BF-0C70-4ECD-A147-C8A70A57C5EC} = {6B9F61C8-D3C0-4E1D-9296-61062A275613}
		{9ABCC3DD-F0CE-4B6D-87BE-4497D37D6BED} = {4E87EA9B-C6B1-4DEF-A525-643B95B0B58E}
		{6ECAD27D-821E-4524-8B27-08FA0173508D} = {4E87EA9B-C6B1-4DEF-A525-643B95B0B58E}
	EndGlobalSection
EndGlobal
